
Microsoft Visual Studio Solution File, Format Version 12.00
# Visual Studio Version 16
VisualStudioVersion = 16.0.30804.86
MinimumVisualStudioVersion = 10.0.40219.1
Project("{9A19103F-16F7-4668-BE54-9A1E7A4F7556}") = "DataAccess", "DataAccess\DataAccess.csproj", "{65B88CB5-2719-4942-896D-881C90BD5C39}"
EndProject
Project("{9A19103F-16F7-4668-BE54-9A1E7A4F7556}") = "Business", "Business\Business.csproj", "{3994A599-3963-4A4C-A090-35BC40B981A5}"
EndProject
Project("{9A19103F-16F7-4668-BE54-9A1E7A4F7556}") = "Entities", "Entities\Entities.csproj", "{18769CBE-DBD9-48BE-A2B3-2A1DBE924145}"
EndProject
Project("{9A19103F-16F7-4668-BE54-9A1E7A4F7556}") = "ConsoleUI", "ConsoleUI\ConsoleUI.csproj", "{2A01112D-E2B5-4E9B-921C-32882E711A64}"
EndProject
Project("{9A19103F-16F7-4668-BE54-9A1E7A4F7556}") = "Core", "Core\Core.csproj", "{584CC24F-8254-47D4-A44E-AE48BF4B0838}"
EndProject
Project("{FAE04EC0-301F-11D3-BF4B-00C04F79EFBC}") = "WebAPI", "WebAPI1\WebAPI.csproj", "{8C6B207D-5E6F-4B1F-976D-B8C3DB1F22A9}"
EndProject
Global
	GlobalSection(SolutionConfigurationPlatforms) = preSolution
		Debug|Any CPU = Debug|Any CPU
		Release|Any CPU = Release|Any CPU
	EndGlobalSection
	GlobalSection(ProjectConfigurationPlatforms) = postSolution
		{65B88CB5-2719-4942-896D-881C90BD5C39}.Debug|Any CPU.ActiveCfg = Debug|Any CPU
		{65B88CB5-2719-4942-896D-881C90BD5C39}.Debug|Any CPU.Build.0 = Debug|Any CPU
		{65B88CB5-2719-4942-896D-881C90BD5C39}.Release|Any CPU.ActiveCfg = Release|Any CPU
		{65B88CB5-2719-4942-896D-881C90BD5C39}.Release|Any CPU.Build.0 = Release|Any CPU
		{3994A599-3963-4A4C-A090-35BC40B981A5}.Debug|Any CPU.ActiveCfg = Debug|Any CPU
		{3994A599-3963-4A4C-A090-35BC40B981A5}.Debug|Any CPU.Build.0 = Debug|Any CPU
		{3994A599-3963-4A4C-A090-35BC40B981A5}.Release|Any CPU.ActiveCfg = Release|Any CPU
		{3994A599-3963-4A4C-A090-35BC40B981A5}.Release|Any CPU.Build.0 = Release|Any CPU
		{18769CBE-DBD9-48BE-A2B3-2A1DBE924145}.Debug|Any CPU.ActiveCfg = Debug|Any CPU
		{18769CBE-DBD9-48BE-A2B3-2A1DBE924145}.Debug|Any CPU.Build.0 = Debug|Any CPU
		{18769CBE-DBD9-48BE-A2B3-2A1DBE924145}.Release|Any CPU.ActiveCfg = Release|Any CPU
		{18769CBE-DBD9-48BE-A2B3-2A1DBE924145}.Release|Any CPU.Build.0 = Release|Any CPU
		{2A01112D-E2B5-4E9B-921C-32882E711A64}.Debug|Any CPU.ActiveCfg = Debug|Any CPU
		{2A01112D-E2B5-4E9B-921C-32882E711A64}.Debug|Any CPU.Build.0 = Debug|Any CPU
		{2A01112D-E2B5-4E9B-921C-32882E711A64}.Release|Any CPU.ActiveCfg = Release|Any CPU
		{2A01112D-E2B5-4E9B-921C-32882E711A64}.Release|Any CPU.Build.0 = Release|Any CPU
		{584CC24F-8254-47D4-A44E-AE48BF4B0838}.Debug|Any CPU.ActiveCfg = Debug|Any CPU
		{584CC24F-8254-47D4-A44E-AE48BF4B0838}.Debug|Any CPU.Build.0 = Debug|Any CPU
		{584CC24F-8254-47D4-A44E-AE48BF4B0838}.Release|Any CPU.ActiveCfg = Release|Any CPU
		{584CC24F-8254-47D4-A44E-AE48BF4B0838}.Release|Any CPU.Build.0 = Release|Any CPU
		{8C6B207D-5E6F-4B1F-976D-B8C3DB1F22A9}.Debug|Any CPU.ActiveCfg = Debug|Any CPU
		{8C6B207D-5E6F-4B1F-976D-B8C3DB1F22A9}.Debug|Any CPU.Build.0 = Debug|Any CPU
		{8C6B207D-5E6F-4B1F-976D-B8C3DB1F22A9}.Release|Any CPU.ActiveCfg = Release|Any CPU
		{8C6B207D-5E6F-4B1F-976D-B8C3DB1F22A9}.Release|Any CPU.Build.0 = Release|Any CPU
	EndGlobalSection
	GlobalSection(SolutionProperties) = preSolution
		HideSolutionNode = FALSE
	EndGlobalSection
	GlobalSection(ExtensibilityGlobals) = postSolution
		SolutionGuid = {852A74DF-3E11-4D8B-BB02-88456AA67C18}
	EndGlobalSection
EndGlobal
